
Microsoft Visual Studio Solution File, Format Version 12.00
# Visual Studio Version 17
VisualStudioVersion = 17.4.33213.308
MinimumVisualStudioVersion = 10.0.40219.1
Project("{FAE04EC0-301F-11D3-BF4B-00C04F79EFBC}") = "Ejercicio4.Android", "Ejercicio4.Android\Ejercicio4.Android.csproj", "{BC994EA5-BD68-4EAA-9AB9-4B572253414B}"
EndProject
Project("{FAE04EC0-301F-11D3-BF4B-00C04F79EFBC}") = "Ejercicio4", "Ejercicio4\Ejercicio4.csproj", "{E726737A-3C33-4AE0-8527-E6D0CE03EC13}"
EndProject
Global
	GlobalSection(SolutionConfigurationPlatforms) = preSolution
		Debug|Any CPU = Debug|Any CPU
		Release|Any CPU = Release|Any CPU
	EndGlobalSection
	GlobalSection(ProjectConfigurationPlatforms) = postSolution
		{BC994EA5-BD68-4EAA-9AB9-4B572253414B}.Debug|Any CPU.ActiveCfg = Debug|Any CPU
		{BC994EA5-BD68-4EAA-9AB9-4B572253414B}.Debug|Any CPU.Build.0 = Debug|Any CPU
		{BC994EA5-BD68-4EAA-9AB9-4B572253414B}.Debug|Any CPU.Deploy.0 = Debug|Any CPU
		{BC994EA5-BD68-4EAA-9AB9-4B572253414B}.Release|Any CPU.ActiveCfg = Release|Any CPU
		{BC994EA5-BD68-4EAA-9AB9-4B572253414B}.Release|Any CPU.Build.0 = Release|Any CPU
		{BC994EA5-BD68-4EAA-9AB9-4B572253414B}.Release|Any CPU.Deploy.0 = Release|Any CPU
		{E726737A-3C33-4AE0-8527-E6D0CE03EC13}.Debug|Any CPU.ActiveCfg = Debug|Any CPU
		{E726737A-3C33-4AE0-8527-E6D0CE03EC13}.Debug|Any CPU.Build.0 = Debug|Any CPU
		{E726737A-3C33-4AE0-8527-E6D0CE03EC13}.Debug|Any CPU.Deploy.0 = Debug|Any CPU
		{E726737A-3C33-4AE0-8527-E6D0CE03EC13}.Release|Any CPU.ActiveCfg = Release|Any CPU
		{E726737A-3C33-4AE0-8527-E6D0CE03EC13}.Release|Any CPU.Build.0 = Release|Any CPU
		{E726737A-3C33-4AE0-8527-E6D0CE03EC13}.Release|Any CPU.Deploy.0 = Release|Any CPU
	EndGlobalSection
	GlobalSection(SolutionProperties) = preSolution
		HideSolutionNode = FALSE
	EndGlobalSection
	GlobalSection(ExtensibilityGlobals) = postSolution
		SolutionGuid = {5D0749D3-D273-46BC-8387-D84F05E19EC0}
	EndGlobalSection
EndGlobal
